// !$*UTF8*$!
{
	archiveVersion = 1;
	classes = {
	};
	objectVersion = 77;
	objects = {

/* Begin PBXBuildFile section */
		9D31EEB72E8E416600C9F2A2 /* PlayerController.swift in Sources */ = {isa = PBXBuildFile; fileRef = 9D31EEB62E8E415E00C9F2A2 /* PlayerController.swift */; };
		9D31EEB92E91D6F900C9F2A2 /* GameManager.swift in Sources */ = {isa = PBXBuildFile; fileRef = 9D31EEB82E91D6F500C9F2A2 /* GameManager.swift */; };
		9D31EEBB2E91E0BB00C9F2A2 /* GameMenuView.swift in Sources */ = {isa = PBXBuildFile; fileRef = 9D31EEBA2E91E0BB00C9F2A2 /* GameMenuView.swift */; };
		9D31EEBD2E92018D00C9F2A2 /* AppRoute.swift in Sources */ = {isa = PBXBuildFile; fileRef = 9D31EEBC2E92018200C9F2A2 /* AppRoute.swift */; };
		9D31EEBF2E9207F900C9F2A2 /* SettingsView.swift in Sources */ = {isa = PBXBuildFile; fileRef = 9D31EEBE2E9207F900C9F2A2 /* SettingsView.swift */; };
		9D76E0932E89E7CD00085685 /* BuildingView.swift in Sources */ = {isa = PBXBuildFile; fileRef = 9D76E0922E89E7C800085685 /* BuildingView.swift */; };
		9D87068F2E8B9BDC0042EA77 /* BulletView.swift in Sources */ = {isa = PBXBuildFile; fileRef = 9D87068E2E8B9BDC0042EA77 /* BulletView.swift */; };
		9D8706912E8B9BF40042EA77 /* Bullet.swift in Sources */ = {isa = PBXBuildFile; fileRef = 9D8706902E8B9BF10042EA77 /* Bullet.swift */; };
		9D8706932E8CCC740042EA77 /* GameLevelManager.swift in Sources */ = {isa = PBXBuildFile; fileRef = 9D8706922E8CCC6C0042EA77 /* GameLevelManager.swift */; };
		9D8706952E8CCCA00042EA77 /* DamageSystem.swift in Sources */ = {isa = PBXBuildFile; fileRef = 9D8706942E8CCC9C0042EA77 /* DamageSystem.swift */; };
		9D8706972E8CCCE10042EA77 /* DamagableObject.swift in Sources */ = {isa = PBXBuildFile; fileRef = 9D8706962E8CCCDB0042EA77 /* DamagableObject.swift */; };
		9D8C5F0A2E797D8E000CA9CA /* TankView.swift in Sources */ = {isa = PBXBuildFile; fileRef = 9D8C5F092E797D87000CA9CA /* TankView.swift */; };
		9D8C5F0D2E7AD914000CA9CA /* CenterReader.swift in Sources */ = {isa = PBXBuildFile; fileRef = 9D8C5F0B2E7AD851000CA9CA /* CenterReader.swift */; };
		9D8C5F0F2E7B99B5000CA9CA /* Joystick.swift in Sources */ = {isa = PBXBuildFile; fileRef = 9D8C5F0E2E7B99B5000CA9CA /* Joystick.swift */; };
		9D8C5F112E7B9A52000CA9CA /* GameplayView.swift in Sources */ = {isa = PBXBuildFile; fileRef = 9D8C5F102E7B9A2E000CA9CA /* GameplayView.swift */; };
		9D8C5F132E7B9D19000CA9CA /* PlayerMover.swift in Sources */ = {isa = PBXBuildFile; fileRef = 9D8C5F122E7B9D0F000CA9CA /* PlayerMover.swift */; };
		9D8C5F182E7BA1F2000CA9CA /* GameLevelContext.swift in Sources */ = {isa = PBXBuildFile; fileRef = 9D8C5F142E7B9E0F000CA9CA /* GameLevelContext.swift */; };
		9D8C5F192E7BA1F2000CA9CA /* PlayerTank.swift in Sources */ = {isa = PBXBuildFile; fileRef = 9D8C5F152E7B9E1A000CA9CA /* PlayerTank.swift */; };
		9D8E4A0C2E9B0C9400561F8F /* RadarView.swift in Sources */ = {isa = PBXBuildFile; fileRef = 9D8E4A0B2E9B0C9400561F8F /* RadarView.swift */; };
		9D8E4A0E2E9B0D7F00561F8F /* Radar.swift in Sources */ = {isa = PBXBuildFile; fileRef = 9D8E4A0D2E9B0D7B00561F8F /* Radar.swift */; };
		9D9B1F902EC69A66003363A9 /* TankEngine2D in Frameworks */ = {isa = PBXBuildFile; productRef = 9D9B1F8F2EC69A66003363A9 /* TankEngine2D */; };
		9DAF98422E9DC43600599C5B /* TankTurretMover.swift in Sources */ = {isa = PBXBuildFile; fileRef = 9DAF98412E9DC42E00599C5B /* TankTurretMover.swift */; };
		9DCFF9F72E848B09003D8B42 /* TankEngine2D in Frameworks */ = {isa = PBXBuildFile; productRef = 9DCFF9F62E848B09003D8B42 /* TankEngine2D */; };
		9DD584FB2E84CFAC0074455E /* BaseSceneObject.swift in Sources */ = {isa = PBXBuildFile; fileRef = 9DD584FA2E84CFA40074455E /* BaseSceneObject.swift */; };
		9DD584FD2E84CFD70074455E /* Cannon.swift in Sources */ = {isa = PBXBuildFile; fileRef = 9DD584FC2E84CFD40074455E /* Cannon.swift */; };
		9DD585002E84D03C0074455E /* Building.swift in Sources */ = {isa = PBXBuildFile; fileRef = 9DD584FF2E84D0330074455E /* Building.swift */; };
		9DD585052E8659380074455E /* CannonView.swift in Sources */ = {isa = PBXBuildFile; fileRef = 9DD585042E8659380074455E /* CannonView.swift */; };
		9DE0BDEA2E83FF3D000BB463 /* Scene2D+default.swift in Sources */ = {isa = PBXBuildFile; fileRef = 9DE0BDE92E83FF34000BB463 /* Scene2D+default.swift */; };
		9DFFBE572E5E2A7D003CA6C7 /* Assets.xcassets in Resources */ = {isa = PBXBuildFile; fileRef = 9DFFBE532E5E2A7D003CA6C7 /* Assets.xcassets */; };
		9DFFBE582E5E2A7D003CA6C7 /* GameLevelView.swift in Sources */ = {isa = PBXBuildFile; fileRef = 9DFFBE542E5E2A7D003CA6C7 /* GameLevelView.swift */; };
		9DFFBE592E5E2A7D003CA6C7 /* SwiftUITankApp.swift in Sources */ = {isa = PBXBuildFile; fileRef = 9DFFBE552E5E2A7D003CA6C7 /* SwiftUITankApp.swift */; };
		9DFFBE5B2E5E2A8D003CA6C7 /* KeyPressHandler.swift in Sources */ = {isa = PBXBuildFile; fileRef = 9DFFBE5A2E5E2A85003CA6C7 /* KeyPressHandler.swift */; };
/* End PBXBuildFile section */

/* Begin PBXFileReference section */
		9D31EEB62E8E415E00C9F2A2 /* PlayerController.swift */ = {isa = PBXFileReference; lastKnownFileType = sourcecode.swift; path = PlayerController.swift; sourceTree = "<group>"; };
		9D31EEB82E91D6F500C9F2A2 /* GameManager.swift */ = {isa = PBXFileReference; lastKnownFileType = sourcecode.swift; path = GameManager.swift; sourceTree = "<group>"; };
		9D31EEBA2E91E0BB00C9F2A2 /* GameMenuView.swift */ = {isa = PBXFileReference; lastKnownFileType = sourcecode.swift; path = GameMenuView.swift; sourceTree = "<group>"; };
		9D31EEBC2E92018200C9F2A2 /* AppRoute.swift */ = {isa = PBXFileReference; lastKnownFileType = sourcecode.swift; path = AppRoute.swift; sourceTree = "<group>"; };
		9D31EEBE2E9207F900C9F2A2 /* SettingsView.swift */ = {isa = PBXFileReference; lastKnownFileType = sourcecode.swift; path = SettingsView.swift; sourceTree = "<group>"; };
		9D76E0922E89E7C800085685 /* BuildingView.swift */ = {isa = PBXFileReference; lastKnownFileType = sourcecode.swift; path = BuildingView.swift; sourceTree = "<group>"; };
		9D87068E2E8B9BDC0042EA77 /* BulletView.swift */ = {isa = PBXFileReference; lastKnownFileType = sourcecode.swift; path = BulletView.swift; sourceTree = "<group>"; };
		9D8706902E8B9BF10042EA77 /* Bullet.swift */ = {isa = PBXFileReference; lastKnownFileType = sourcecode.swift; path = Bullet.swift; sourceTree = "<group>"; };
		9D8706922E8CCC6C0042EA77 /* GameLevelManager.swift */ = {isa = PBXFileReference; lastKnownFileType = sourcecode.swift; path = GameLevelManager.swift; sourceTree = "<group>"; };
		9D8706942E8CCC9C0042EA77 /* DamageSystem.swift */ = {isa = PBXFileReference; lastKnownFileType = sourcecode.swift; path = DamageSystem.swift; sourceTree = "<group>"; };
		9D8706962E8CCCDB0042EA77 /* DamagableObject.swift */ = {isa = PBXFileReference; lastKnownFileType = sourcecode.swift; path = DamagableObject.swift; sourceTree = "<group>"; };
		9D8C5F092E797D87000CA9CA /* TankView.swift */ = {isa = PBXFileReference; lastKnownFileType = sourcecode.swift; path = TankView.swift; sourceTree = "<group>"; };
		9D8C5F0B2E7AD851000CA9CA /* CenterReader.swift */ = {isa = PBXFileReference; lastKnownFileType = sourcecode.swift; path = CenterReader.swift; sourceTree = "<group>"; };
		9D8C5F0E2E7B99B5000CA9CA /* Joystick.swift */ = {isa = PBXFileReference; lastKnownFileType = sourcecode.swift; path = Joystick.swift; sourceTree = "<group>"; };
		9D8C5F102E7B9A2E000CA9CA /* GameplayView.swift */ = {isa = PBXFileReference; lastKnownFileType = sourcecode.swift; path = GameplayView.swift; sourceTree = "<group>"; };
		9D8C5F122E7B9D0F000CA9CA /* PlayerMover.swift */ = {isa = PBXFileReference; lastKnownFileType = sourcecode.swift; path = PlayerMover.swift; sourceTree = "<group>"; };
		9D8C5F142E7B9E0F000CA9CA /* GameLevelContext.swift */ = {isa = PBXFileReference; lastKnownFileType = sourcecode.swift; path = GameLevelContext.swift; sourceTree = "<group>"; };
		9D8C5F152E7B9E1A000CA9CA /* PlayerTank.swift */ = {isa = PBXFileReference; lastKnownFileType = sourcecode.swift; path = PlayerTank.swift; sourceTree = "<group>"; };
		9D8E4A0B2E9B0C9400561F8F /* RadarView.swift */ = {isa = PBXFileReference; lastKnownFileType = sourcecode.swift; path = RadarView.swift; sourceTree = "<group>"; };
		9D8E4A0D2E9B0D7B00561F8F /* Radar.swift */ = {isa = PBXFileReference; lastKnownFileType = sourcecode.swift; path = Radar.swift; sourceTree = "<group>"; };
		9DAF98412E9DC42E00599C5B /* TankTurretMover.swift */ = {isa = PBXFileReference; lastKnownFileType = sourcecode.swift; path = TankTurretMover.swift; sourceTree = "<group>"; };
		9DD584FA2E84CFA40074455E /* BaseSceneObject.swift */ = {isa = PBXFileReference; lastKnownFileType = sourcecode.swift; path = BaseSceneObject.swift; sourceTree = "<group>"; };
		9DD584FC2E84CFD40074455E /* Cannon.swift */ = {isa = PBXFileReference; lastKnownFileType = sourcecode.swift; path = Cannon.swift; sourceTree = "<group>"; };
		9DD584FF2E84D0330074455E /* Building.swift */ = {isa = PBXFileReference; lastKnownFileType = sourcecode.swift; path = Building.swift; sourceTree = "<group>"; };
		9DD585042E8659380074455E /* CannonView.swift */ = {isa = PBXFileReference; lastKnownFileType = sourcecode.swift; path = CannonView.swift; sourceTree = "<group>"; };
		9DE0BDE92E83FF34000BB463 /* Scene2D+default.swift */ = {isa = PBXFileReference; lastKnownFileType = sourcecode.swift; path = "Scene2D+default.swift"; sourceTree = "<group>"; };
		9DFFBE442E5E256F003CA6C7 /* SwiftUITank.app */ = {isa = PBXFileReference; explicitFileType = wrapper.application; includeInIndex = 0; path = SwiftUITank.app; sourceTree = BUILT_PRODUCTS_DIR; };
		9DFFBE532E5E2A7D003CA6C7 /* Assets.xcassets */ = {isa = PBXFileReference; lastKnownFileType = folder.assetcatalog; path = Assets.xcassets; sourceTree = "<group>"; };
		9DFFBE542E5E2A7D003CA6C7 /* GameLevelView.swift */ = {isa = PBXFileReference; lastKnownFileType = sourcecode.swift; path = GameLevelView.swift; sourceTree = "<group>"; };
		9DFFBE552E5E2A7D003CA6C7 /* SwiftUITankApp.swift */ = {isa = PBXFileReference; lastKnownFileType = sourcecode.swift; path = SwiftUITankApp.swift; sourceTree = "<group>"; };
		9DFFBE5A2E5E2A85003CA6C7 /* KeyPressHandler.swift */ = {isa = PBXFileReference; lastKnownFileType = sourcecode.swift; path = KeyPressHandler.swift; sourceTree = "<group>"; };
/* End PBXFileReference section */

/* Begin PBXFrameworksBuildPhase section */
		9DFFBE412E5E256F003CA6C7 /* Frameworks */ = {
			isa = PBXFrameworksBuildPhase;
			buildActionMask = 2147483647;
			files = (
				9D9B1F902EC69A66003363A9 /* TankEngine2D in Frameworks */,
				9DCFF9F72E848B09003D8B42 /* TankEngine2D in Frameworks */,
			);
			runOnlyForDeploymentPostprocessing = 0;
		};
/* End PBXFrameworksBuildPhase section */

/* Begin PBXGroup section */
		9D31EEB42E8E3D8700C9F2A2 /* View */ = {
			isa = PBXGroup;
			children = (
				9D31EEBA2E91E0BB00C9F2A2 /* GameMenuView.swift */,
				9DFFBE542E5E2A7D003CA6C7 /* GameLevelView.swift */,
				9D8C5F102E7B9A2E000CA9CA /* GameplayView.swift */,
				9D8C5F0E2E7B99B5000CA9CA /* Joystick.swift */,
				9D31EEBE2E9207F900C9F2A2 /* SettingsView.swift */,
			);
			path = View;
			sourceTree = "<group>";
		};
		9D31EEB52E8E3DC400C9F2A2 /* App */ = {
			isa = PBXGroup;
			children = (
				9DFFBE532E5E2A7D003CA6C7 /* Assets.xcassets */,
				9DFFBE552E5E2A7D003CA6C7 /* SwiftUITankApp.swift */,
				9D31EEBC2E92018200C9F2A2 /* AppRoute.swift */,
			);
			path = App;
			sourceTree = "<group>";
		};
		9D3B4F152E98B6C000E441AA /* Extensions */ = {
			isa = PBXGroup;
			children = (
			);
			path = Extensions;
			sourceTree = "<group>";
		};
		9D8C5F172E7BA0F0000CA9CA /* Model */ = {
			isa = PBXGroup;
			children = (
				9DD585032E8659280074455E /* Views */,
				9DD584F92E84CC070074455E /* SceneObjects */,
				9DE0BDE92E83FF34000BB463 /* Scene2D+default.swift */,
				9D31EEB82E91D6F500C9F2A2 /* GameManager.swift */,
				9D8C5F142E7B9E0F000CA9CA /* GameLevelContext.swift */,
				9D8706922E8CCC6C0042EA77 /* GameLevelManager.swift */,
				9D8706942E8CCC9C0042EA77 /* DamageSystem.swift */,
				9D31EEB62E8E415E00C9F2A2 /* PlayerController.swift */,
				9D8C5F122E7B9D0F000CA9CA /* PlayerMover.swift */,
				9DAF98412E9DC42E00599C5B /* TankTurretMover.swift */,
			);
			path = Model;
			sourceTree = "<group>";
		};
		9D8C5F1E2E7E5B78000CA9CA /* Utils */ = {
			isa = PBXGroup;
			children = (
				9D8C5F0B2E7AD851000CA9CA /* CenterReader.swift */,
				9DFFBE5A2E5E2A85003CA6C7 /* KeyPressHandler.swift */,
				9D3B4F152E98B6C000E441AA /* Extensions */,
			);
			path = Utils;
			sourceTree = "<group>";
		};
		9DD584F92E84CC070074455E /* SceneObjects */ = {
			isa = PBXGroup;
			children = (
				9DD584FA2E84CFA40074455E /* BaseSceneObject.swift */,
				9D8706962E8CCCDB0042EA77 /* DamagableObject.swift */,
				9D8E4A0D2E9B0D7B00561F8F /* Radar.swift */,
				9D8C5F152E7B9E1A000CA9CA /* PlayerTank.swift */,
				9DD584FF2E84D0330074455E /* Building.swift */,
				9DD584FC2E84CFD40074455E /* Cannon.swift */,
				9D8706902E8B9BF10042EA77 /* Bullet.swift */,
			);
			path = SceneObjects;
			sourceTree = "<group>";
		};
		9DD585032E8659280074455E /* Views */ = {
			isa = PBXGroup;
			children = (
				9D8C5F092E797D87000CA9CA /* TankView.swift */,
				9DD585042E8659380074455E /* CannonView.swift */,
				9D76E0922E89E7C800085685 /* BuildingView.swift */,
				9D87068E2E8B9BDC0042EA77 /* BulletView.swift */,
				9D8E4A0B2E9B0C9400561F8F /* RadarView.swift */,
			);
			path = Views;
			sourceTree = "<group>";
		};
		9DFFBE3B2E5E256F003CA6C7 = {
			isa = PBXGroup;
			children = (
				9DFFBE562E5E2A7D003CA6C7 /* SwiftUITank */,
				9DFFBE452E5E256F003CA6C7 /* Products */,
			);
			sourceTree = "<group>";
		};
		9DFFBE452E5E256F003CA6C7 /* Products */ = {
			isa = PBXGroup;
			children = (
				9DFFBE442E5E256F003CA6C7 /* SwiftUITank.app */,
			);
			name = Products;
			sourceTree = "<group>";
		};
		9DFFBE562E5E2A7D003CA6C7 /* SwiftUITank */ = {
			isa = PBXGroup;
			children = (
				9D31EEB52E8E3DC400C9F2A2 /* App */,
				9D8C5F1E2E7E5B78000CA9CA /* Utils */,
				9D31EEB42E8E3D8700C9F2A2 /* View */,
				9D8C5F172E7BA0F0000CA9CA /* Model */,
			);
			path = SwiftUITank;
			sourceTree = "<group>";
		};
/* End PBXGroup section */

/* Begin PBXNativeTarget section */
		9DFFBE432E5E256F003CA6C7 /* SwiftUITank */ = {
			isa = PBXNativeTarget;
			buildConfigurationList = 9DFFBE4F2E5E2571003CA6C7 /* Build configuration list for PBXNativeTarget "SwiftUITank" */;
			buildPhases = (
				9DFFBE402E5E256F003CA6C7 /* Sources */,
				9DFFBE412E5E256F003CA6C7 /* Frameworks */,
				9DFFBE422E5E256F003CA6C7 /* Resources */,
			);
			buildRules = (
			);
			dependencies = (
				9DEE444A2EC99DA4001DCF79 /* PBXTargetDependency */,
			);
			name = SwiftUITank;
			packageProductDependencies = (
				9DCFF9F62E848B09003D8B42 /* TankEngine2D */,
				9D9B1F8F2EC69A66003363A9 /* TankEngine2D */,
			);
			productName = SwiftUITank;
			productReference = 9DFFBE442E5E256F003CA6C7 /* SwiftUITank.app */;
			productType = "com.apple.product-type.application";
		};
/* End PBXNativeTarget section */

/* Begin PBXProject section */
		9DFFBE3C2E5E256F003CA6C7 /* Project object */ = {
			isa = PBXProject;
			attributes = {
				BuildIndependentTargetsInParallel = 1;
				LastSwiftUpdateCheck = 1640;
				LastUpgradeCheck = 1640;
				TargetAttributes = {
					9DFFBE432E5E256F003CA6C7 = {
						CreatedOnToolsVersion = 16.4;
					};
				};
			};
			buildConfigurationList = 9DFFBE3F2E5E256F003CA6C7 /* Build configuration list for PBXProject "SwiftUITank" */;
			developmentRegion = en;
			hasScannedForEncodings = 0;
			knownRegions = (
				en,
				Base,
			);
			mainGroup = 9DFFBE3B2E5E256F003CA6C7;
			minimizedProjectReferenceProxies = 1;
			packageReferences = (
				9D9B1F8E2EC69A66003363A9 /* XCLocalSwiftPackageReference "TankEngine2D" */,
			);
			preferredProjectObjectVersion = 77;
			productRefGroup = 9DFFBE452E5E256F003CA6C7 /* Products */;
			projectDirPath = "";
			projectRoot = "";
			targets = (
				9DFFBE432E5E256F003CA6C7 /* SwiftUITank */,
			);
		};
/* End PBXProject section */

/* Begin PBXResourcesBuildPhase section */
		9DFFBE422E5E256F003CA6C7 /* Resources */ = {
			isa = PBXResourcesBuildPhase;
			buildActionMask = 2147483647;
			files = (
				9DFFBE572E5E2A7D003CA6C7 /* Assets.xcassets in Resources */,
			);
			runOnlyForDeploymentPostprocessing = 0;
		};
/* End PBXResourcesBuildPhase section */

/* Begin PBXSourcesBuildPhase section */
		9DFFBE402E5E256F003CA6C7 /* Sources */ = {
			isa = PBXSourcesBuildPhase;
			buildActionMask = 2147483647;
			files = (
				9D31EEBD2E92018D00C9F2A2 /* AppRoute.swift in Sources */,
				9D8706952E8CCCA00042EA77 /* DamageSystem.swift in Sources */,
				9D31EEB92E91D6F900C9F2A2 /* GameManager.swift in Sources */,
				9DD584FB2E84CFAC0074455E /* BaseSceneObject.swift in Sources */,
				9D8E4A0E2E9B0D7F00561F8F /* Radar.swift in Sources */,
				9D8C5F0F2E7B99B5000CA9CA /* Joystick.swift in Sources */,
				9D31EEBB2E91E0BB00C9F2A2 /* GameMenuView.swift in Sources */,
				9D8706932E8CCC740042EA77 /* GameLevelManager.swift in Sources */,
				9DD584FD2E84CFD70074455E /* Cannon.swift in Sources */,
				9DAF98422E9DC43600599C5B /* TankTurretMover.swift in Sources */,
				9D31EEB72E8E416600C9F2A2 /* PlayerController.swift in Sources */,
				9DE0BDEA2E83FF3D000BB463 /* Scene2D+default.swift in Sources */,
				9D8C5F132E7B9D19000CA9CA /* PlayerMover.swift in Sources */,
				9D76E0932E89E7CD00085685 /* BuildingView.swift in Sources */,
				9D87068F2E8B9BDC0042EA77 /* BulletView.swift in Sources */,
				9D8C5F112E7B9A52000CA9CA /* GameplayView.swift in Sources */,
				9D8C5F182E7BA1F2000CA9CA /* GameLevelContext.swift in Sources */,
				9DD585002E84D03C0074455E /* Building.swift in Sources */,
				9D8706972E8CCCE10042EA77 /* DamagableObject.swift in Sources */,
				9DD585052E8659380074455E /* CannonView.swift in Sources */,
				9D8C5F192E7BA1F2000CA9CA /* PlayerTank.swift in Sources */,
				9DFFBE582E5E2A7D003CA6C7 /* GameLevelView.swift in Sources */,
				9D31EEBF2E9207F900C9F2A2 /* SettingsView.swift in Sources */,
				9D8C5F0D2E7AD914000CA9CA /* CenterReader.swift in Sources */,
				9D8C5F0A2E797D8E000CA9CA /* TankView.swift in Sources */,
				9D8706912E8B9BF40042EA77 /* Bullet.swift in Sources */,
				9DFFBE5B2E5E2A8D003CA6C7 /* KeyPressHandler.swift in Sources */,
				9D8E4A0C2E9B0C9400561F8F /* RadarView.swift in Sources */,
				9DFFBE592E5E2A7D003CA6C7 /* SwiftUITankApp.swift in Sources */,
			);
			runOnlyForDeploymentPostprocessing = 0;
		};
/* End PBXSourcesBuildPhase section */

/* Begin PBXTargetDependency section */
		9DEE444A2EC99DA4001DCF79 /* PBXTargetDependency */ = {
			isa = PBXTargetDependency;
			productRef = 9DEE44492EC99DA4001DCF79 /* TEComponentScanner */;
		};
/* End PBXTargetDependency section */

/* Begin XCBuildConfiguration section */
		9DFFBE4D2E5E2571003CA6C7 /* Debug */ = {
			isa = XCBuildConfiguration;
			buildSettings = {
				ALWAYS_SEARCH_USER_PATHS = NO;
				ASSETCATALOG_COMPILER_GENERATE_SWIFT_ASSET_SYMBOL_EXTENSIONS = YES;
				CLANG_ANALYZER_NONNULL = YES;
				CLANG_ANALYZER_NUMBER_OBJECT_CONVERSION = YES_AGGRESSIVE;
				CLANG_CXX_LANGUAGE_STANDARD = "gnu++20";
				CLANG_ENABLE_MODULES = YES;
				CLANG_ENABLE_OBJC_ARC = YES;
				CLANG_ENABLE_OBJC_WEAK = YES;
				CLANG_WARN_BLOCK_CAPTURE_AUTORELEASING = YES;
				CLANG_WARN_BOOL_CONVERSION = YES;
				CLANG_WARN_COMMA = YES;
				CLANG_WARN_CONSTANT_CONVERSION = YES;
				CLANG_WARN_DEPRECATED_OBJC_IMPLEMENTATIONS = YES;
				CLANG_WARN_DIRECT_OBJC_ISA_USAGE = YES_ERROR;
				CLANG_WARN_DOCUMENTATION_COMMENTS = YES;
				CLANG_WARN_EMPTY_BODY = YES;
				CLANG_WARN_ENUM_CONVERSION = YES;
				CLANG_WARN_INFINITE_RECURSION = YES;
				CLANG_WARN_INT_CONVERSION = YES;
				CLANG_WARN_NON_LITERAL_NULL_CONVERSION = YES;
				CLANG_WARN_OBJC_IMPLICIT_RETAIN_SELF = YES;
				CLANG_WARN_OBJC_LITERAL_CONVERSION = YES;
				CLANG_WARN_OBJC_ROOT_CLASS = YES_ERROR;
				CLANG_WARN_QUOTED_INCLUDE_IN_FRAMEWORK_HEADER = YES;
				CLANG_WARN_RANGE_LOOP_ANALYSIS = YES;
				CLANG_WARN_STRICT_PROTOTYPES = YES;
				CLANG_WARN_SUSPICIOUS_MOVE = YES;
				CLANG_WARN_UNGUARDED_AVAILABILITY = YES_AGGRESSIVE;
				CLANG_WARN_UNREACHABLE_CODE = YES;
				CLANG_WARN__DUPLICATE_METHOD_MATCH = YES;
				COPY_PHASE_STRIP = NO;
				DEBUG_INFORMATION_FORMAT = dwarf;
				DEVELOPMENT_TEAM = 7499ZBZAZ6;
				ENABLE_STRICT_OBJC_MSGSEND = YES;
				ENABLE_TESTABILITY = YES;
				ENABLE_USER_SCRIPT_SANDBOXING = YES;
				GCC_C_LANGUAGE_STANDARD = gnu17;
				GCC_DYNAMIC_NO_PIC = NO;
				GCC_NO_COMMON_BLOCKS = YES;
				GCC_OPTIMIZATION_LEVEL = 0;
				GCC_PREPROCESSOR_DEFINITIONS = (
					"DEBUG=1",
					"$(inherited)",
				);
				GCC_WARN_64_TO_32_BIT_CONVERSION = YES;
				GCC_WARN_ABOUT_RETURN_TYPE = YES_ERROR;
				GCC_WARN_UNDECLARED_SELECTOR = YES;
				GCC_WARN_UNINITIALIZED_AUTOS = YES_AGGRESSIVE;
				GCC_WARN_UNUSED_FUNCTION = YES;
				GCC_WARN_UNUSED_VARIABLE = YES;
				IPHONEOS_DEPLOYMENT_TARGET = 18.5;
				LOCALIZATION_PREFERS_STRING_CATALOGS = YES;
				MTL_ENABLE_DEBUG_INFO = INCLUDE_SOURCE;
				MTL_FAST_MATH = YES;
				ONLY_ACTIVE_ARCH = YES;
				SDKROOT = iphoneos;
				SWIFT_ACTIVE_COMPILATION_CONDITIONS = "DEBUG $(inherited)";
				SWIFT_OPTIMIZATION_LEVEL = "-Onone";
			};
			name = Debug;
		};
		9DFFBE4E2E5E2571003CA6C7 /* Release */ = {
			isa = XCBuildConfiguration;
			buildSettings = {
				ALWAYS_SEARCH_USER_PATHS = NO;
				ASSETCATALOG_COMPILER_GENERATE_SWIFT_ASSET_SYMBOL_EXTENSIONS = YES;
				CLANG_ANALYZER_NONNULL = YES;
				CLANG_ANALYZER_NUMBER_OBJECT_CONVERSION = YES_AGGRESSIVE;
				CLANG_CXX_LANGUAGE_STANDARD = "gnu++20";
				CLANG_ENABLE_MODULES = YES;
				CLANG_ENABLE_OBJC_ARC = YES;
				CLANG_ENABLE_OBJC_WEAK = YES;
				CLANG_WARN_BLOCK_CAPTURE_AUTORELEASING = YES;
				CLANG_WARN_BOOL_CONVERSION = YES;
				CLANG_WARN_COMMA = YES;
				CLANG_WARN_CONSTANT_CONVERSION = YES;
				CLANG_WARN_DEPRECATED_OBJC_IMPLEMENTATIONS = YES;
				CLANG_WARN_DIRECT_OBJC_ISA_USAGE = YES_ERROR;
				CLANG_WARN_DOCUMENTATION_COMMENTS = YES;
				CLANG_WARN_EMPTY_BODY = YES;
				CLANG_WARN_ENUM_CONVERSION = YES;
				CLANG_WARN_INFINITE_RECURSION = YES;
				CLANG_WARN_INT_CONVERSION = YES;
				CLANG_WARN_NON_LITERAL_NULL_CONVERSION = YES;
				CLANG_WARN_OBJC_IMPLICIT_RETAIN_SELF = YES;
				CLANG_WARN_OBJC_LITERAL_CONVERSION = YES;
				CLANG_WARN_OBJC_ROOT_CLASS = YES_ERROR;
				CLANG_WARN_QUOTED_INCLUDE_IN_FRAMEWORK_HEADER = YES;
				CLANG_WARN_RANGE_LOOP_ANALYSIS = YES;
				CLANG_WARN_STRICT_PROTOTYPES = YES;
				CLANG_WARN_SUSPICIOUS_MOVE = YES;
				CLANG_WARN_UNGUARDED_AVAILABILITY = YES_AGGRESSIVE;
				CLANG_WARN_UNREACHABLE_CODE = YES;
				CLANG_WARN__DUPLICATE_METHOD_MATCH = YES;
				COPY_PHASE_STRIP = NO;
				DEBUG_INFORMATION_FORMAT = "dwarf-with-dsym";
				DEVELOPMENT_TEAM = 7499ZBZAZ6;
				ENABLE_NS_ASSERTIONS = NO;
				ENABLE_STRICT_OBJC_MSGSEND = YES;
				ENABLE_USER_SCRIPT_SANDBOXING = YES;
				GCC_C_LANGUAGE_STANDARD = gnu17;
				GCC_NO_COMMON_BLOCKS = YES;
				GCC_WARN_64_TO_32_BIT_CONVERSION = YES;
				GCC_WARN_ABOUT_RETURN_TYPE = YES_ERROR;
				GCC_WARN_UNDECLARED_SELECTOR = YES;
				GCC_WARN_UNINITIALIZED_AUTOS = YES_AGGRESSIVE;
				GCC_WARN_UNUSED_FUNCTION = YES;
				GCC_WARN_UNUSED_VARIABLE = YES;
				IPHONEOS_DEPLOYMENT_TARGET = 18.5;
				LOCALIZATION_PREFERS_STRING_CATALOGS = YES;
				MTL_ENABLE_DEBUG_INFO = NO;
				MTL_FAST_MATH = YES;
				SDKROOT = iphoneos;
				SWIFT_COMPILATION_MODE = wholemodule;
				VALIDATE_PRODUCT = YES;
			};
			name = Release;
		};
		9DFFBE502E5E2571003CA6C7 /* Debug */ = {
			isa = XCBuildConfiguration;
			buildSettings = {
				ASSETCATALOG_COMPILER_APPICON_NAME = AppIcon;
				ASSETCATALOG_COMPILER_GLOBAL_ACCENT_COLOR_NAME = AccentColor;
				CODE_SIGN_STYLE = Automatic;
				CURRENT_PROJECT_VERSION = 1;
				DEVELOPMENT_TEAM = 7499ZBZAZ6;
				ENABLE_PREVIEWS = YES;
				GENERATE_INFOPLIST_FILE = YES;
				INFOPLIST_KEY_UIApplicationSceneManifest_Generation = YES;
				INFOPLIST_KEY_UIApplicationSupportsIndirectInputEvents = YES;
				INFOPLIST_KEY_UILaunchScreen_Generation = YES;
				INFOPLIST_KEY_UISupportedInterfaceOrientations_iPad = "UIInterfaceOrientationPortrait UIInterfaceOrientationPortraitUpsideDown UIInterfaceOrientationLandscapeLeft UIInterfaceOrientationLandscapeRight";
				INFOPLIST_KEY_UISupportedInterfaceOrientations_iPhone = "UIInterfaceOrientationPortrait UIInterfaceOrientationLandscapeLeft UIInterfaceOrientationLandscapeRight";
				LD_RUNPATH_SEARCH_PATHS = (
					"$(inherited)",
					"@executable_path/Frameworks",
				);
				MARKETING_VERSION = 1.0;
				PRODUCT_BUNDLE_IDENTIFIER = blackmana.SwiftUITank;
				PRODUCT_NAME = "$(TARGET_NAME)";
				SWIFT_EMIT_LOC_STRINGS = YES;
				SWIFT_VERSION = 5.0;
				TARGETED_DEVICE_FAMILY = "1,2";
			};
			name = Debug;
		};
		9DFFBE512E5E2571003CA6C7 /* Release */ = {
			isa = XCBuildConfiguration;
			buildSettings = {
				ASSETCATALOG_COMPILER_APPICON_NAME = AppIcon;
				ASSETCATALOG_COMPILER_GLOBAL_ACCENT_COLOR_NAME = AccentColor;
				CODE_SIGN_STYLE = Automatic;
				CURRENT_PROJECT_VERSION = 1;
				DEVELOPMENT_TEAM = 7499ZBZAZ6;
				ENABLE_PREVIEWS = YES;
				GENERATE_INFOPLIST_FILE = YES;
				INFOPLIST_KEY_UIApplicationSceneManifest_Generation = YES;
				INFOPLIST_KEY_UIApplicationSupportsIndirectInputEvents = YES;
				INFOPLIST_KEY_UILaunchScreen_Generation = YES;
				INFOPLIST_KEY_UISupportedInterfaceOrientations_iPad = "UIInterfaceOrientationPortrait UIInterfaceOrientationPortraitUpsideDown UIInterfaceOrientationLandscapeLeft UIInterfaceOrientationLandscapeRight";
				INFOPLIST_KEY_UISupportedInterfaceOrientations_iPhone = "UIInterfaceOrientationPortrait UIInterfaceOrientationLandscapeLeft UIInterfaceOrientationLandscapeRight";
				LD_RUNPATH_SEARCH_PATHS = (
					"$(inherited)",
					"@executable_path/Frameworks",
				);
				MARKETING_VERSION = 1.0;
				PRODUCT_BUNDLE_IDENTIFIER = blackmana.SwiftUITank;
				PRODUCT_NAME = "$(TARGET_NAME)";
				SWIFT_EMIT_LOC_STRINGS = YES;
				SWIFT_VERSION = 5.0;
				TARGETED_DEVICE_FAMILY = "1,2";
			};
			name = Release;
		};
/* End XCBuildConfiguration section */

/* Begin XCConfigurationList section */
		9DFFBE3F2E5E256F003CA6C7 /* Build configuration list for PBXProject "SwiftUITank" */ = {
			isa = XCConfigurationList;
			buildConfigurations = (
				9DFFBE4D2E5E2571003CA6C7 /* Debug */,
				9DFFBE4E2E5E2571003CA6C7 /* Release */,
			);
			defaultConfigurationIsVisible = 0;
			defaultConfigurationName = Release;
		};
		9DFFBE4F2E5E2571003CA6C7 /* Build configuration list for PBXNativeTarget "SwiftUITank" */ = {
			isa = XCConfigurationList;
			buildConfigurations = (
				9DFFBE502E5E2571003CA6C7 /* Debug */,
				9DFFBE512E5E2571003CA6C7 /* Release */,
			);
			defaultConfigurationIsVisible = 0;
			defaultConfigurationName = Release;
		};
/* End XCConfigurationList section */

/* Begin XCLocalSwiftPackageReference section */
		9D9B1F8E2EC69A66003363A9 /* XCLocalSwiftPackageReference "TankEngine2D" */ = {
			isa = XCLocalSwiftPackageReference;
			relativePath = TankEngine2D;
		};
/* End XCLocalSwiftPackageReference section */

/* Begin XCSwiftPackageProductDependency section */
		9D9B1F8F2EC69A66003363A9 /* TankEngine2D */ = {
			isa = XCSwiftPackageProductDependency;
			productName = TankEngine2D;
		};
		9DCFF9F62E848B09003D8B42 /* TankEngine2D */ = {
			isa = XCSwiftPackageProductDependency;
			productName = TankEngine2D;
		};
		9DEE44492EC99DA4001DCF79 /* TEComponentScanner */ = {
			isa = XCSwiftPackageProductDependency;
			package = 9D9B1F8E2EC69A66003363A9 /* XCLocalSwiftPackageReference "TankEngine2D" */;
			productName = "plugin:TEComponentScanner";
		};
/* End XCSwiftPackageProductDependency section */
	};
	rootObject = 9DFFBE3C2E5E256F003CA6C7 /* Project object */;
}
