// !$*UTF8*$!
{
	archiveVersion = 1;
	classes = {
	};
	objectVersion = 77;
	objects = {

/* Begin PBXBuildFile section */
		9D0BFD502ED94B2C00D9EBEB /* TankEngine2D.framework in Frameworks */ = {isa = PBXBuildFile; fileRef = 9D0BFD4F2ED94B2C00D9EBEB /* TankEngine2D.framework */; };
/* End PBXBuildFile section */

/* Begin PBXFileReference section */
		9D0BFD4F2ED94B2C00D9EBEB /* TankEngine2D.framework */ = {isa = PBXFileReference; explicitFileType = wrapper.framework; path = TankEngine2D.framework; sourceTree = BUILT_PRODUCTS_DIR; };
		9D70BE332ECBC71400638FD2 /* TankEditor.app */ = {isa = PBXFileReference; explicitFileType = wrapper.application; includeInIndex = 0; path = TankEditor.app; sourceTree = BUILT_PRODUCTS_DIR; };
/* End PBXFileReference section */

/* Begin PBXFileSystemSynchronizedBuildFileExceptionSet section */
		9DB7C2482EE7C92600C57CCF /* Exceptions for "TankEditor" folder in "TankEditor" target */ = {
			isa = PBXFileSystemSynchronizedBuildFileExceptionSet;
			membershipExceptions = (
				Info.plist,
			);
			target = 9D70BE322ECBC71400638FD2 /* TankEditor */;
		};
/* End PBXFileSystemSynchronizedBuildFileExceptionSet section */

/* Begin PBXFileSystemSynchronizedRootGroup section */
		9D70BE352ECBC71400638FD2 /* TankEditor */ = {
			isa = PBXFileSystemSynchronizedRootGroup;
			exceptions = (
				9DB7C2482EE7C92600C57CCF /* Exceptions for "TankEditor" folder in "TankEditor" target */,
			);
			path = TankEditor;
			sourceTree = "<group>";
		};
		9DB7C2432EE7C52200C57CCF /* Extensions */ = {
			isa = PBXFileSystemSynchronizedRootGroup;
			path = Extensions;
			sourceTree = "<group>";
		};
/* End PBXFileSystemSynchronizedRootGroup section */

/* Begin PBXFrameworksBuildPhase section */
		9D70BE302ECBC71400638FD2 /* Frameworks */ = {
			isa = PBXFrameworksBuildPhase;
			buildActionMask = 2147483647;
			files = (
				9D0BFD502ED94B2C00D9EBEB /* TankEngine2D.framework in Frameworks */,
			);
			runOnlyForDeploymentPostprocessing = 0;
		};
/* End PBXFrameworksBuildPhase section */

/* Begin PBXGroup section */
		9D70BE2A2ECBC71400638FD2 = {
			isa = PBXGroup;
			children = (
				9DB7C2432EE7C52200C57CCF /* Extensions */,
				9D70BE352ECBC71400638FD2 /* TankEditor */,
				9D70BEB02ECC0FDA00638FD2 /* Frameworks */,
				9D70BE342ECBC71400638FD2 /* Products */,
			);
			sourceTree = "<group>";
		};
		9D70BE342ECBC71400638FD2 /* Products */ = {
			isa = PBXGroup;
			children = (
				9D70BE332ECBC71400638FD2 /* TankEditor.app */,
			);
			name = Products;
			sourceTree = "<group>";
		};
		9D70BEB02ECC0FDA00638FD2 /* Frameworks */ = {
			isa = PBXGroup;
			children = (
				9D0BFD4F2ED94B2C00D9EBEB /* TankEngine2D.framework */,
			);
			name = Frameworks;
			sourceTree = "<group>";
		};
/* End PBXGroup section */

/* Begin PBXNativeTarget section */
		9D70BE322ECBC71400638FD2 /* TankEditor */ = {
			isa = PBXNativeTarget;
			buildConfigurationList = 9D70BE3E2ECBC71500638FD2 /* Build configuration list for PBXNativeTarget "TankEditor" */;
			buildPhases = (
				9D65B4CA2EDF7545005595B9 /* ShellScript */,
				9DBE2B7F2ECF7A4600484EC1 /* ShellScript */,
				9D70BE2F2ECBC71400638FD2 /* Sources */,
				9D70BE302ECBC71400638FD2 /* Frameworks */,
				9D70BE312ECBC71400638FD2 /* Resources */,
				9DBE2B802ECF804500484EC1 /* ShellScript */,
				9D9B40862ED95A49000BFB77 /* ShellScript */,
				9D9B40AD2ED95C55000BFB77 /* ShellScript */,
			);
			buildRules = (
			);
			dependencies = (
			);
			fileSystemSynchronizedGroups = (
				9D70BE352ECBC71400638FD2 /* TankEditor */,
				9DB7C2432EE7C52200C57CCF /* Extensions */,
			);
			name = TankEditor;
			packageProductDependencies = (
			);
			productName = TankEditor;
			productReference = 9D70BE332ECBC71400638FD2 /* TankEditor.app */;
			productType = "com.apple.product-type.application";
		};
/* End PBXNativeTarget section */

/* Begin PBXProject section */
		9D70BE2B2ECBC71400638FD2 /* Project object */ = {
			isa = PBXProject;
			attributes = {
				BuildIndependentTargetsInParallel = 1;
				LastSwiftUpdateCheck = 2600;
				LastUpgradeCheck = 2600;
				TargetAttributes = {
					9D70BE322ECBC71400638FD2 = {
						CreatedOnToolsVersion = 26.0.1;
					};
				};
			};
			buildConfigurationList = 9D70BE2E2ECBC71400638FD2 /* Build configuration list for PBXProject "TankEditor" */;
			developmentRegion = en;
			hasScannedForEncodings = 0;
			knownRegions = (
				en,
				Base,
			);
			mainGroup = 9D70BE2A2ECBC71400638FD2;
			minimizedProjectReferenceProxies = 1;
			packageReferences = (
			);
			preferredProjectObjectVersion = 77;
			productRefGroup = 9D70BE342ECBC71400638FD2 /* Products */;
			projectDirPath = "";
			projectRoot = "";
			targets = (
				9D70BE322ECBC71400638FD2 /* TankEditor */,
			);
		};
/* End PBXProject section */

/* Begin PBXResourcesBuildPhase section */
		9D70BE312ECBC71400638FD2 /* Resources */ = {
			isa = PBXResourcesBuildPhase;
			buildActionMask = 2147483647;
			files = (
			);
			runOnlyForDeploymentPostprocessing = 0;
		};
/* End PBXResourcesBuildPhase section */

/* Begin PBXShellScriptBuildPhase section */
		9D65B4CA2EDF7545005595B9 /* ShellScript */ = {
			isa = PBXShellScriptBuildPhase;
			buildActionMask = 2147483647;
			files = (
			);
			inputFileListPaths = (
			);
			inputPaths = (
			);
			outputFileListPaths = (
			);
			outputPaths = (
			);
			runOnlyForDeploymentPostprocessing = 0;
			shellPath = /bin/sh;
			shellScript = "#!/bin/bash \n\nSOURCE=\"${PROJECT_DIR}/../UserProjectSample/Sandbox\"\nTARGET=\"${HOME}/Documents/TankEngineProjects/Sandbox\"\n\necho \"Source: $SOURCE\"\necho \"Target: $TARGET\"\n\n# Проверяем, что источник существует\nif [[ ! -d \"$SOURCE\" ]]; then\n    echo \"❌ Source directory does not exist: $SOURCE\"\n    exit 1\nfi\n\n# Удаляем старый Sandbox\nif [[ -d \"$TARGET\" ]]; then\n    echo \"🗑 Removing old Sandbox...\"\n    rm -rf \"$TARGET\"\nfi\n\n# Создаём целевую директорию, если нужно\nmkdir -p \"$(dirname \"$TARGET\")\"\n\n# Копируем\necho \"📦 Copying Sandbox...\"\ncp -R \"$SOURCE\" \"$TARGET\"\n\necho \"✅ Sandbox synced successfully.\"\n\n";
		};
		9D9B40862ED95A49000BFB77 /* ShellScript */ = {
			isa = PBXShellScriptBuildPhase;
			buildActionMask = 2147483647;
			files = (
			);
			inputFileListPaths = (
			);
			inputPaths = (
			);
			outputFileListPaths = (
			);
			outputPaths = (
			);
			runOnlyForDeploymentPostprocessing = 0;
			shellPath = /bin/sh;
			shellScript = "# Копируем framework\n# Source framework (из DerivedData)\nSRC_FW=\"/Users/sergeykozlov/Library/Developer/Xcode/DerivedData/TankEditor-diwcwfxcsvraokcrjoevvjxybkgl/Build/Products/Debug/TankEngine2D.framework\"\n\n# Destination inside built .app\nDEST_FW=\"${BUILT_PRODUCTS_DIR}/${CONTENTS_FOLDER_PATH}/Frameworks\"\n\necho \"Copying TankEngine2D.framework from:\"\necho \"  $SRC_FW\"\necho \"to:\"\necho \"  $DEST_FW\"\n\n# Создать папку Frameworks если нет\nmkdir -p \"$DEST_FW\"\n\n# Копируем с разыменованием симлинков (-L): \n# COPY WITH SYMLINK RESOLUTION, preserving structure\nrsync -aL \"$SRC_FW\" \"$DEST_FW\"\n\necho \"Done. Verifying modules...\"\n\nls -R \"$DEST_FW/TankEngine2D.framework/Modules\" || echo \"❌ ERROR: Modules folder missing!\"\n";
		};
		9D9B40AD2ED95C55000BFB77 /* ShellScript */ = {
			isa = PBXShellScriptBuildPhase;
			buildActionMask = 2147483647;
			files = (
			);
			inputFileListPaths = (
			);
			inputPaths = (
			);
			outputFileListPaths = (
			);
			outputPaths = (
			);
			runOnlyForDeploymentPostprocessing = 0;
			shellPath = /bin/sh;
			shellScript = "# Копируем макросы\n#!/bin/bash\nset -e\n\nSRC_MACROS=\"$PROJECT_DIR/../TankEngine2DMacrosOnly\"\nDEST_DIR=\"$TARGET_BUILD_DIR/$CONTENTS_FOLDER_PATH/SharedSupport\"\nDEST_MACROS=\"$DEST_DIR/TankEngine2DMacrosOnly\"\n\necho \"Copying macro package into .app bundle…\"\necho \"  from: $SRC_MACROS\"\necho \"    to: $DEST_MACROS\"\n\nmkdir -p \"$DEST_DIR\"\nrm -rf \"$DEST_MACROS\"\n\n# копируем СОДЕРЖИМОЕ папки, не создавая двойную вложенность\nrsync -aL \"$SRC_MACROS/\" \"$DEST_MACROS/\"\n\necho \"Verifying…\"\nif [ ! -f \"$DEST_MACROS/Package.swift\" ]; then\n    echo \"❌ ERROR: Package.swift missing inside .app bundle!\"\n    exit 1\nfi\n\necho \"✔ Macro package copied into .app bundle.\"\n\n";
		};
		9DBE2B7F2ECF7A4600484EC1 /* ShellScript */ = {
			isa = PBXShellScriptBuildPhase;
			buildActionMask = 2147483647;
			files = (
			);
			inputFileListPaths = (
			);
			inputPaths = (
			);
			outputFileListPaths = (
			);
			outputPaths = (
			);
			runOnlyForDeploymentPostprocessing = 0;
			shellPath = /bin/sh;
			shellScript = "#!/bin/bash\nset -e\n\necho \"=== Building UserCodeDylib via swift build ===\"\n\nUSERCODE_DIR=\"$SRCROOT/../UserCodeDylib\"\n\npushd \"$USERCODE_DIR\" > /dev/null\nswift build -c debug\n#swift build -c release\n\npopd > /dev/null\n\nBUILD_DIR_SPM=\"$USERCODE_DIR/.build/$CONFIGURATION\"\nDYLIB_SRC=\"$BUILD_DIR_SPM/libUserCodeDylib.dylib\"\nDSYM_SRC=\"$BUILD_DIR_SPM/libUserCodeDylib.dylib.dSYM\"\n\nPLUGINS_DIR=\"$TARGET_BUILD_DIR/$CONTENTS_FOLDER_PATH/PlugIns\"\n\nmkdir -p \"$PLUGINS_DIR\"\n\necho \"=== Copying dylib into PlugIns ===\"\ncp -f \"$DYLIB_SRC\" \"$PLUGINS_DIR/libUserCodeDylib.dylib\"\n\necho \"=== Copying dSYM ===\"\n\ncp -R \"$DSYM_SRC\" \"$PLUGINS_DIR/libUserCodeDylib.dylib.dSYM\"\n\necho \"=== Done ===\"\n\n";
		};
		9DBE2B802ECF804500484EC1 /* ShellScript */ = {
			isa = PBXShellScriptBuildPhase;
			buildActionMask = 2147483647;
			files = (
			);
			inputFileListPaths = (
			);
			inputPaths = (
			);
			outputFileListPaths = (
			);
			outputPaths = (
			);
			runOnlyForDeploymentPostprocessing = 0;
			shellPath = /bin/sh;
			shellScript = "PLUGINS_DIR=\"$TARGET_BUILD_DIR/$CONTENTS_FOLDER_PATH/PlugIns\"\nFRAMEWORK_BINARY=\"../../../PackageFrameworks/TankEngine2DDynamic.framework/Versions/A/TankEngine2DDynamic\"\n\nmkdir -p \"$PLUGINS_DIR\"\n\nln -sf \"$FRAMEWORK_BINARY\" \"$PLUGINS_DIR/libTankEngine2DDynamic.dylib\"\n";
		};
/* End PBXShellScriptBuildPhase section */

/* Begin PBXSourcesBuildPhase section */
		9D70BE2F2ECBC71400638FD2 /* Sources */ = {
			isa = PBXSourcesBuildPhase;
			buildActionMask = 2147483647;
			files = (
			);
			runOnlyForDeploymentPostprocessing = 0;
		};
/* End PBXSourcesBuildPhase section */

/* Begin XCBuildConfiguration section */
		9D70BE3C2ECBC71500638FD2 /* Debug */ = {
			isa = XCBuildConfiguration;
			buildSettings = {
				ALWAYS_SEARCH_USER_PATHS = NO;
				ASSETCATALOG_COMPILER_GENERATE_SWIFT_ASSET_SYMBOL_EXTENSIONS = YES;
				CLANG_ANALYZER_NONNULL = YES;
				CLANG_ANALYZER_NUMBER_OBJECT_CONVERSION = YES_AGGRESSIVE;
				CLANG_CXX_LANGUAGE_STANDARD = "gnu++20";
				CLANG_ENABLE_MODULES = YES;
				CLANG_ENABLE_OBJC_ARC = YES;
				CLANG_ENABLE_OBJC_WEAK = YES;
				CLANG_WARN_BLOCK_CAPTURE_AUTORELEASING = YES;
				CLANG_WARN_BOOL_CONVERSION = YES;
				CLANG_WARN_COMMA = YES;
				CLANG_WARN_CONSTANT_CONVERSION = YES;
				CLANG_WARN_DEPRECATED_OBJC_IMPLEMENTATIONS = YES;
				CLANG_WARN_DIRECT_OBJC_ISA_USAGE = YES_ERROR;
				CLANG_WARN_DOCUMENTATION_COMMENTS = YES;
				CLANG_WARN_EMPTY_BODY = YES;
				CLANG_WARN_ENUM_CONVERSION = YES;
				CLANG_WARN_INFINITE_RECURSION = YES;
				CLANG_WARN_INT_CONVERSION = YES;
				CLANG_WARN_NON_LITERAL_NULL_CONVERSION = YES;
				CLANG_WARN_OBJC_IMPLICIT_RETAIN_SELF = YES;
				CLANG_WARN_OBJC_LITERAL_CONVERSION = YES;
				CLANG_WARN_OBJC_ROOT_CLASS = YES_ERROR;
				CLANG_WARN_QUOTED_INCLUDE_IN_FRAMEWORK_HEADER = YES;
				CLANG_WARN_RANGE_LOOP_ANALYSIS = YES;
				CLANG_WARN_STRICT_PROTOTYPES = YES;
				CLANG_WARN_SUSPICIOUS_MOVE = YES;
				CLANG_WARN_UNGUARDED_AVAILABILITY = YES_AGGRESSIVE;
				CLANG_WARN_UNREACHABLE_CODE = YES;
				CLANG_WARN__DUPLICATE_METHOD_MATCH = YES;
				COPY_PHASE_STRIP = NO;
				DEBUG_INFORMATION_FORMAT = dwarf;
				DEVELOPMENT_TEAM = 7499ZBZAZ6;
				ENABLE_STRICT_OBJC_MSGSEND = YES;
				ENABLE_TESTABILITY = YES;
				ENABLE_USER_SCRIPT_SANDBOXING = NO;
				GCC_C_LANGUAGE_STANDARD = gnu17;
				GCC_DYNAMIC_NO_PIC = NO;
				GCC_NO_COMMON_BLOCKS = YES;
				GCC_OPTIMIZATION_LEVEL = 0;
				GCC_PREPROCESSOR_DEFINITIONS = (
					"DEBUG=1",
					"$(inherited)",
				);
				GCC_WARN_64_TO_32_BIT_CONVERSION = YES;
				GCC_WARN_ABOUT_RETURN_TYPE = YES_ERROR;
				GCC_WARN_UNDECLARED_SELECTOR = YES;
				GCC_WARN_UNINITIALIZED_AUTOS = YES_AGGRESSIVE;
				GCC_WARN_UNUSED_FUNCTION = YES;
				GCC_WARN_UNUSED_VARIABLE = YES;
				LOCALIZATION_PREFERS_STRING_CATALOGS = YES;
				MACOSX_DEPLOYMENT_TARGET = 26.0;
				MTL_ENABLE_DEBUG_INFO = INCLUDE_SOURCE;
				MTL_FAST_MATH = YES;
				ONLY_ACTIVE_ARCH = YES;
				SDKROOT = macosx;
				SWIFT_ACTIVE_COMPILATION_CONDITIONS = "DEBUG $(inherited)";
				SWIFT_OPTIMIZATION_LEVEL = "-Onone";
			};
			name = Debug;
		};
		9D70BE3D2ECBC71500638FD2 /* Release */ = {
			isa = XCBuildConfiguration;
			buildSettings = {
				ALWAYS_SEARCH_USER_PATHS = NO;
				ASSETCATALOG_COMPILER_GENERATE_SWIFT_ASSET_SYMBOL_EXTENSIONS = YES;
				CLANG_ANALYZER_NONNULL = YES;
				CLANG_ANALYZER_NUMBER_OBJECT_CONVERSION = YES_AGGRESSIVE;
				CLANG_CXX_LANGUAGE_STANDARD = "gnu++20";
				CLANG_ENABLE_MODULES = YES;
				CLANG_ENABLE_OBJC_ARC = YES;
				CLANG_ENABLE_OBJC_WEAK = YES;
				CLANG_WARN_BLOCK_CAPTURE_AUTORELEASING = YES;
				CLANG_WARN_BOOL_CONVERSION = YES;
				CLANG_WARN_COMMA = YES;
				CLANG_WARN_CONSTANT_CONVERSION = YES;
				CLANG_WARN_DEPRECATED_OBJC_IMPLEMENTATIONS = YES;
				CLANG_WARN_DIRECT_OBJC_ISA_USAGE = YES_ERROR;
				CLANG_WARN_DOCUMENTATION_COMMENTS = YES;
				CLANG_WARN_EMPTY_BODY = YES;
				CLANG_WARN_ENUM_CONVERSION = YES;
				CLANG_WARN_INFINITE_RECURSION = YES;
				CLANG_WARN_INT_CONVERSION = YES;
				CLANG_WARN_NON_LITERAL_NULL_CONVERSION = YES;
				CLANG_WARN_OBJC_IMPLICIT_RETAIN_SELF = YES;
				CLANG_WARN_OBJC_LITERAL_CONVERSION = YES;
				CLANG_WARN_OBJC_ROOT_CLASS = YES_ERROR;
				CLANG_WARN_QUOTED_INCLUDE_IN_FRAMEWORK_HEADER = YES;
				CLANG_WARN_RANGE_LOOP_ANALYSIS = YES;
				CLANG_WARN_STRICT_PROTOTYPES = YES;
				CLANG_WARN_SUSPICIOUS_MOVE = YES;
				CLANG_WARN_UNGUARDED_AVAILABILITY = YES_AGGRESSIVE;
				CLANG_WARN_UNREACHABLE_CODE = YES;
				CLANG_WARN__DUPLICATE_METHOD_MATCH = YES;
				COPY_PHASE_STRIP = NO;
				DEBUG_INFORMATION_FORMAT = "dwarf-with-dsym";
				DEVELOPMENT_TEAM = 7499ZBZAZ6;
				ENABLE_NS_ASSERTIONS = NO;
				ENABLE_STRICT_OBJC_MSGSEND = YES;
				ENABLE_USER_SCRIPT_SANDBOXING = NO;
				GCC_C_LANGUAGE_STANDARD = gnu17;
				GCC_NO_COMMON_BLOCKS = YES;
				GCC_WARN_64_TO_32_BIT_CONVERSION = YES;
				GCC_WARN_ABOUT_RETURN_TYPE = YES_ERROR;
				GCC_WARN_UNDECLARED_SELECTOR = YES;
				GCC_WARN_UNINITIALIZED_AUTOS = YES_AGGRESSIVE;
				GCC_WARN_UNUSED_FUNCTION = YES;
				GCC_WARN_UNUSED_VARIABLE = YES;
				LOCALIZATION_PREFERS_STRING_CATALOGS = YES;
				MACOSX_DEPLOYMENT_TARGET = 26.0;
				MTL_ENABLE_DEBUG_INFO = NO;
				MTL_FAST_MATH = YES;
				SDKROOT = macosx;
				SWIFT_COMPILATION_MODE = wholemodule;
			};
			name = Release;
		};
		9D70BE3F2ECBC71500638FD2 /* Debug */ = {
			isa = XCBuildConfiguration;
			buildSettings = {
				ASSETCATALOG_COMPILER_APPICON_NAME = AppIcon;
				ASSETCATALOG_COMPILER_GLOBAL_ACCENT_COLOR_NAME = AccentColor;
				AUTOMATION_APPLE_EVENTS = NO;
				CODE_SIGN_STYLE = Automatic;
				COMBINE_HIDPI_IMAGES = YES;
				CURRENT_PROJECT_VERSION = 1;
				DEVELOPMENT_TEAM = 7499ZBZAZ6;
				ENABLE_APP_SANDBOX = NO;
				ENABLE_HARDENED_RUNTIME = NO;
				ENABLE_PREVIEWS = YES;
				ENABLE_RESOURCE_ACCESS_AUDIO_INPUT = NO;
				ENABLE_RESOURCE_ACCESS_CALENDARS = NO;
				ENABLE_RESOURCE_ACCESS_CAMERA = NO;
				ENABLE_RESOURCE_ACCESS_CONTACTS = NO;
				ENABLE_RESOURCE_ACCESS_LOCATION = NO;
				ENABLE_RESOURCE_ACCESS_PHOTO_LIBRARY = NO;
				GENERATE_INFOPLIST_FILE = YES;
				INFOPLIST_FILE = TankEditor/Info.plist;
				INFOPLIST_KEY_NSHumanReadableCopyright = "";
				LD_RUNPATH_SEARCH_PATHS = (
					"$(inherited)",
					"@executable_path/../Frameworks",
				);
				MARKETING_VERSION = 1.0;
				PRODUCT_BUNDLE_IDENTIFIER = blackmana.TankEditor;
				PRODUCT_NAME = "$(TARGET_NAME)";
				REGISTER_APP_GROUPS = YES;
				RUNTIME_EXCEPTION_ALLOW_DYLD_ENVIRONMENT_VARIABLES = NO;
				RUNTIME_EXCEPTION_ALLOW_JIT = NO;
				RUNTIME_EXCEPTION_ALLOW_UNSIGNED_EXECUTABLE_MEMORY = NO;
				RUNTIME_EXCEPTION_DEBUGGING_TOOL = NO;
				RUNTIME_EXCEPTION_DISABLE_EXECUTABLE_PAGE_PROTECTION = NO;
				RUNTIME_EXCEPTION_DISABLE_LIBRARY_VALIDATION = NO;
				STRING_CATALOG_GENERATE_SYMBOLS = YES;
				SWIFT_APPROACHABLE_CONCURRENCY = YES;
				SWIFT_DEFAULT_ACTOR_ISOLATION = MainActor;
				SWIFT_EMIT_LOC_STRINGS = YES;
				SWIFT_UPCOMING_FEATURE_MEMBER_IMPORT_VISIBILITY = YES;
				SWIFT_VERSION = 5.0;
			};
			name = Debug;
		};
		9D70BE402ECBC71500638FD2 /* Release */ = {
			isa = XCBuildConfiguration;
			buildSettings = {
				ASSETCATALOG_COMPILER_APPICON_NAME = AppIcon;
				ASSETCATALOG_COMPILER_GLOBAL_ACCENT_COLOR_NAME = AccentColor;
				AUTOMATION_APPLE_EVENTS = NO;
				CODE_SIGN_STYLE = Automatic;
				COMBINE_HIDPI_IMAGES = YES;
				CURRENT_PROJECT_VERSION = 1;
				DEVELOPMENT_TEAM = 7499ZBZAZ6;
				ENABLE_APP_SANDBOX = NO;
				ENABLE_HARDENED_RUNTIME = NO;
				ENABLE_PREVIEWS = YES;
				ENABLE_RESOURCE_ACCESS_AUDIO_INPUT = NO;
				ENABLE_RESOURCE_ACCESS_CALENDARS = NO;
				ENABLE_RESOURCE_ACCESS_CAMERA = NO;
				ENABLE_RESOURCE_ACCESS_CONTACTS = NO;
				ENABLE_RESOURCE_ACCESS_LOCATION = NO;
				ENABLE_RESOURCE_ACCESS_PHOTO_LIBRARY = NO;
				GENERATE_INFOPLIST_FILE = YES;
				INFOPLIST_FILE = TankEditor/Info.plist;
				INFOPLIST_KEY_NSHumanReadableCopyright = "";
				LD_RUNPATH_SEARCH_PATHS = (
					"$(inherited)",
					"@executable_path/../Frameworks",
				);
				MARKETING_VERSION = 1.0;
				PRODUCT_BUNDLE_IDENTIFIER = blackmana.TankEditor;
				PRODUCT_NAME = "$(TARGET_NAME)";
				REGISTER_APP_GROUPS = YES;
				RUNTIME_EXCEPTION_ALLOW_DYLD_ENVIRONMENT_VARIABLES = NO;
				RUNTIME_EXCEPTION_ALLOW_JIT = NO;
				RUNTIME_EXCEPTION_ALLOW_UNSIGNED_EXECUTABLE_MEMORY = NO;
				RUNTIME_EXCEPTION_DEBUGGING_TOOL = NO;
				RUNTIME_EXCEPTION_DISABLE_EXECUTABLE_PAGE_PROTECTION = NO;
				RUNTIME_EXCEPTION_DISABLE_LIBRARY_VALIDATION = NO;
				STRING_CATALOG_GENERATE_SYMBOLS = YES;
				SWIFT_APPROACHABLE_CONCURRENCY = YES;
				SWIFT_DEFAULT_ACTOR_ISOLATION = MainActor;
				SWIFT_EMIT_LOC_STRINGS = YES;
				SWIFT_UPCOMING_FEATURE_MEMBER_IMPORT_VISIBILITY = YES;
				SWIFT_VERSION = 5.0;
			};
			name = Release;
		};
/* End XCBuildConfiguration section */

/* Begin XCConfigurationList section */
		9D70BE2E2ECBC71400638FD2 /* Build configuration list for PBXProject "TankEditor" */ = {
			isa = XCConfigurationList;
			buildConfigurations = (
				9D70BE3C2ECBC71500638FD2 /* Debug */,
				9D70BE3D2ECBC71500638FD2 /* Release */,
			);
			defaultConfigurationIsVisible = 0;
			defaultConfigurationName = Release;
		};
		9D70BE3E2ECBC71500638FD2 /* Build configuration list for PBXNativeTarget "TankEditor" */ = {
			isa = XCConfigurationList;
			buildConfigurations = (
				9D70BE3F2ECBC71500638FD2 /* Debug */,
				9D70BE402ECBC71500638FD2 /* Release */,
			);
			defaultConfigurationIsVisible = 0;
			defaultConfigurationName = Release;
		};
/* End XCConfigurationList section */
	};
	rootObject = 9D70BE2B2ECBC71400638FD2 /* Project object */;
}
